// !$*UTF8*$!
{
	archiveVersion = 1;
	classes = {
	};
	objectVersion = 55;
	objects = {

/* Begin PBXBuildFile section */
		068BEAA2288B25FD0060889D /* AppDelegate.swift in Sources */ = {isa = PBXBuildFile; fileRef = 068BEAA1288B25FD0060889D /* AppDelegate.swift */; };
		068BEAA4288B25FD0060889D /* SceneDelegate.swift in Sources */ = {isa = PBXBuildFile; fileRef = 068BEAA3288B25FD0060889D /* SceneDelegate.swift */; };
		068BEAAB288B26000060889D /* Assets.xcassets in Resources */ = {isa = PBXBuildFile; fileRef = 068BEAAA288B26000060889D /* Assets.xcassets */; };
		068BEAAE288B26000060889D /* LaunchScreen.storyboard in Resources */ = {isa = PBXBuildFile; fileRef = 068BEAAC288B26000060889D /* LaunchScreen.storyboard */; };
		068BEABB288B26E80060889D /* MainViewController.swift in Sources */ = {isa = PBXBuildFile; fileRef = 068BEAB9288B26E80060889D /* MainViewController.swift */; };
		068BEABC288B26E80060889D /* MainViewController.xib in Resources */ = {isa = PBXBuildFile; fileRef = 068BEABA288B26E80060889D /* MainViewController.xib */; };
		068BEABF288B27080060889D /* MainViewModel.swift in Sources */ = {isa = PBXBuildFile; fileRef = 068BEABE288B27080060889D /* MainViewModel.swift */; };
		068BEAC3288B28C20060889D /* russia_losses_equipment.json in Resources */ = {isa = PBXBuildFile; fileRef = 068BEAC1288B28C20060889D /* russia_losses_equipment.json */; };
		068BEAC4288B28C20060889D /* russia_losses_personnel.json in Resources */ = {isa = PBXBuildFile; fileRef = 068BEAC2288B28C20060889D /* russia_losses_personnel.json */; };
		068BEAC7288B298D0060889D /* JSONReader.swift in Sources */ = {isa = PBXBuildFile; fileRef = 068BEAC6288B298D0060889D /* JSONReader.swift */; };
		068BEAC9288B2BC90060889D /* LocalJSONPaths.swift in Sources */ = {isa = PBXBuildFile; fileRef = 068BEAC8288B2BC90060889D /* LocalJSONPaths.swift */; };
		068BEACC288B30DD0060889D /* Router.swift in Sources */ = {isa = PBXBuildFile; fileRef = 068BEACB288B30DD0060889D /* Router.swift */; };
		068BEACF288B31300060889D /* MainRouter.swift in Sources */ = {isa = PBXBuildFile; fileRef = 068BEACE288B31300060889D /* MainRouter.swift */; };
		068BEAD1288B32140060889D /* Navigator.swift in Sources */ = {isa = PBXBuildFile; fileRef = 068BEAD0288B32140060889D /* Navigator.swift */; };
		068BEAD3288B44A80060889D /* Equipment.swift in Sources */ = {isa = PBXBuildFile; fileRef = 068BEAD2288B44A80060889D /* Equipment.swift */; };
		068BEAD6288B4DAF0060889D /* ViewController.swift in Sources */ = {isa = PBXBuildFile; fileRef = 068BEAD5288B4DAF0060889D /* ViewController.swift */; };
		068BEAD9288C1E1E0060889D /* Personnel.swift in Sources */ = {isa = PBXBuildFile; fileRef = 068BEAD8288C1E1E0060889D /* Personnel.swift */; };
		068BEADB288C243F0060889D /* DayLosses.swift in Sources */ = {isa = PBXBuildFile; fileRef = 068BEADA288C243F0060889D /* DayLosses.swift */; };
		068BEADF288C25FE0060889D /* DetailedViewController.swift in Sources */ = {isa = PBXBuildFile; fileRef = 068BEADD288C25FE0060889D /* DetailedViewController.swift */; };
		068BEAE0288C25FE0060889D /* DetailedViewController.xib in Resources */ = {isa = PBXBuildFile; fileRef = 068BEADE288C25FE0060889D /* DetailedViewController.xib */; };
		068BEAE2288C260A0060889D /* DetailedViewModel.swift in Sources */ = {isa = PBXBuildFile; fileRef = 068BEAE1288C260A0060889D /* DetailedViewModel.swift */; };
		068BEAE4288C26170060889D /* DetailedRouter.swift in Sources */ = {isa = PBXBuildFile; fileRef = 068BEAE3288C26170060889D /* DetailedRouter.swift */; };
		068BEAE9288C27940060889D /* DayInfoCell.swift in Sources */ = {isa = PBXBuildFile; fileRef = 068BEAE7288C27930060889D /* DayInfoCell.swift */; };
		068BEAEA288C27940060889D /* DayInfoCell.xib in Resources */ = {isa = PBXBuildFile; fileRef = 068BEAE8288C27930060889D /* DayInfoCell.xib */; };
		068BEAED288C2C4B0060889D /* DayInfoModel.swift in Sources */ = {isa = PBXBuildFile; fileRef = 068BEAEC288C2C4B0060889D /* DayInfoModel.swift */; };
		068BEAF3288C395E0060889D /* NetworkingServiceProtocol.swift in Sources */ = {isa = PBXBuildFile; fileRef = 068BEAF2288C395E0060889D /* NetworkingServiceProtocol.swift */; };
		068BEAF7288C3AD70060889D /* NetworkingRequest.swift in Sources */ = {isa = PBXBuildFile; fileRef = 068BEAF6288C3AD70060889D /* NetworkingRequest.swift */; };
		068BEAF9288C3AFD0060889D /* DecodableRequest.swift in Sources */ = {isa = PBXBuildFile; fileRef = 068BEAF8288C3AFD0060889D /* DecodableRequest.swift */; };
		068BEAFC288C3B670060889D /* NetworkingService.swift in Sources */ = {isa = PBXBuildFile; fileRef = 068BEAFB288C3B670060889D /* NetworkingService.swift */; };
		068BEAFF288C3DDD0060889D /* EquipmentRequest.swift in Sources */ = {isa = PBXBuildFile; fileRef = 068BEAFE288C3DDD0060889D /* EquipmentRequest.swift */; };
		068BEB01288C3E1E0060889D /* APIPath.swift in Sources */ = {isa = PBXBuildFile; fileRef = 068BEB00288C3E1E0060889D /* APIPath.swift */; };
		068BEB04288C3EA80060889D /* PersonnelRequest.swift in Sources */ = {isa = PBXBuildFile; fileRef = 068BEB03288C3EA80060889D /* PersonnelRequest.swift */; };
		068BEB06288C47D80060889D /* LossModel.swift in Sources */ = {isa = PBXBuildFile; fileRef = 068BEB05288C47D80060889D /* LossModel.swift */; };
		068BEB0B288C5C950060889D /* LossCell.swift in Sources */ = {isa = PBXBuildFile; fileRef = 068BEB09288C5C950060889D /* LossCell.swift */; };
		068BEB0C288C5C950060889D /* LossCell.xib in Resources */ = {isa = PBXBuildFile; fileRef = 068BEB0A288C5C950060889D /* LossCell.xib */; };
		068BEB0E288C617A0060889D /* MilestoneView.xib in Resources */ = {isa = PBXBuildFile; fileRef = 068BEB0D288C617A0060889D /* MilestoneView.xib */; };
		068BEB11288C655A0060889D /* MilestoneView.swift in Sources */ = {isa = PBXBuildFile; fileRef = 068BEB10288C655A0060889D /* MilestoneView.swift */; };
/* End PBXBuildFile section */

/* Begin PBXFileReference section */
		068BEA9E288B25FD0060889D /* Bastards.app */ = {isa = PBXFileReference; explicitFileType = wrapper.application; includeInIndex = 0; path = Bastards.app; sourceTree = BUILT_PRODUCTS_DIR; };
		068BEAA1288B25FD0060889D /* AppDelegate.swift */ = {isa = PBXFileReference; lastKnownFileType = sourcecode.swift; path = AppDelegate.swift; sourceTree = "<group>"; };
		068BEAA3288B25FD0060889D /* SceneDelegate.swift */ = {isa = PBXFileReference; lastKnownFileType = sourcecode.swift; path = SceneDelegate.swift; sourceTree = "<group>"; };
		068BEAAA288B26000060889D /* Assets.xcassets */ = {isa = PBXFileReference; lastKnownFileType = folder.assetcatalog; path = Assets.xcassets; sourceTree = "<group>"; };
		068BEAAD288B26000060889D /* Base */ = {isa = PBXFileReference; lastKnownFileType = file.storyboard; name = Base; path = Base.lproj/LaunchScreen.storyboard; sourceTree = "<group>"; };
		068BEAAF288B26000060889D /* Info.plist */ = {isa = PBXFileReference; lastKnownFileType = text.plist.xml; path = Info.plist; sourceTree = "<group>"; };
		068BEAB9288B26E80060889D /* MainViewController.swift */ = {isa = PBXFileReference; lastKnownFileType = sourcecode.swift; path = MainViewController.swift; sourceTree = "<group>"; };
		068BEABA288B26E80060889D /* MainViewController.xib */ = {isa = PBXFileReference; lastKnownFileType = file.xib; path = MainViewController.xib; sourceTree = "<group>"; };
		068BEABE288B27080060889D /* MainViewModel.swift */ = {isa = PBXFileReference; lastKnownFileType = sourcecode.swift; path = MainViewModel.swift; sourceTree = "<group>"; };
		068BEAC1288B28C20060889D /* russia_losses_equipment.json */ = {isa = PBXFileReference; fileEncoding = 4; lastKnownFileType = text.json; path = russia_losses_equipment.json; sourceTree = "<group>"; };
		068BEAC2288B28C20060889D /* russia_losses_personnel.json */ = {isa = PBXFileReference; fileEncoding = 4; lastKnownFileType = text.json; path = russia_losses_personnel.json; sourceTree = "<group>"; };
		068BEAC6288B298D0060889D /* JSONReader.swift */ = {isa = PBXFileReference; lastKnownFileType = sourcecode.swift; path = JSONReader.swift; sourceTree = "<group>"; };
		068BEAC8288B2BC90060889D /* LocalJSONPaths.swift */ = {isa = PBXFileReference; lastKnownFileType = sourcecode.swift; path = LocalJSONPaths.swift; sourceTree = "<group>"; };
		068BEACB288B30DD0060889D /* Router.swift */ = {isa = PBXFileReference; lastKnownFileType = sourcecode.swift; path = Router.swift; sourceTree = "<group>"; };
		068BEACE288B31300060889D /* MainRouter.swift */ = {isa = PBXFileReference; lastKnownFileType = sourcecode.swift; path = MainRouter.swift; sourceTree = "<group>"; };
		068BEAD0288B32140060889D /* Navigator.swift */ = {isa = PBXFileReference; lastKnownFileType = sourcecode.swift; path = Navigator.swift; sourceTree = "<group>"; };
		068BEAD2288B44A80060889D /* Equipment.swift */ = {isa = PBXFileReference; lastKnownFileType = sourcecode.swift; path = Equipment.swift; sourceTree = "<group>"; };
		068BEAD5288B4DAF0060889D /* ViewController.swift */ = {isa = PBXFileReference; lastKnownFileType = sourcecode.swift; path = ViewController.swift; sourceTree = "<group>"; };
		068BEAD8288C1E1E0060889D /* Personnel.swift */ = {isa = PBXFileReference; lastKnownFileType = sourcecode.swift; path = Personnel.swift; sourceTree = "<group>"; };
		068BEADA288C243F0060889D /* DayLosses.swift */ = {isa = PBXFileReference; lastKnownFileType = sourcecode.swift; path = DayLosses.swift; sourceTree = "<group>"; };
		068BEADD288C25FE0060889D /* DetailedViewController.swift */ = {isa = PBXFileReference; lastKnownFileType = sourcecode.swift; path = DetailedViewController.swift; sourceTree = "<group>"; };
		068BEADE288C25FE0060889D /* DetailedViewController.xib */ = {isa = PBXFileReference; lastKnownFileType = file.xib; path = DetailedViewController.xib; sourceTree = "<group>"; };
		068BEAE1288C260A0060889D /* DetailedViewModel.swift */ = {isa = PBXFileReference; lastKnownFileType = sourcecode.swift; path = DetailedViewModel.swift; sourceTree = "<group>"; };
		068BEAE3288C26170060889D /* DetailedRouter.swift */ = {isa = PBXFileReference; lastKnownFileType = sourcecode.swift; path = DetailedRouter.swift; sourceTree = "<group>"; };
		068BEAE7288C27930060889D /* DayInfoCell.swift */ = {isa = PBXFileReference; lastKnownFileType = sourcecode.swift; path = DayInfoCell.swift; sourceTree = "<group>"; };
		068BEAE8288C27930060889D /* DayInfoCell.xib */ = {isa = PBXFileReference; lastKnownFileType = file.xib; path = DayInfoCell.xib; sourceTree = "<group>"; };
		068BEAEC288C2C4B0060889D /* DayInfoModel.swift */ = {isa = PBXFileReference; lastKnownFileType = sourcecode.swift; path = DayInfoModel.swift; sourceTree = "<group>"; };
		068BEAF2288C395E0060889D /* NetworkingServiceProtocol.swift */ = {isa = PBXFileReference; lastKnownFileType = sourcecode.swift; path = NetworkingServiceProtocol.swift; sourceTree = "<group>"; };
		068BEAF6288C3AD70060889D /* NetworkingRequest.swift */ = {isa = PBXFileReference; lastKnownFileType = sourcecode.swift; path = NetworkingRequest.swift; sourceTree = "<group>"; };
		068BEAF8288C3AFD0060889D /* DecodableRequest.swift */ = {isa = PBXFileReference; lastKnownFileType = sourcecode.swift; path = DecodableRequest.swift; sourceTree = "<group>"; };
		068BEAFB288C3B670060889D /* NetworkingService.swift */ = {isa = PBXFileReference; lastKnownFileType = sourcecode.swift; path = NetworkingService.swift; sourceTree = "<group>"; };
		068BEAFE288C3DDD0060889D /* EquipmentRequest.swift */ = {isa = PBXFileReference; lastKnownFileType = sourcecode.swift; path = EquipmentRequest.swift; sourceTree = "<group>"; };
		068BEB00288C3E1E0060889D /* APIPath.swift */ = {isa = PBXFileReference; lastKnownFileType = sourcecode.swift; path = APIPath.swift; sourceTree = "<group>"; };
		068BEB03288C3EA80060889D /* PersonnelRequest.swift */ = {isa = PBXFileReference; lastKnownFileType = sourcecode.swift; path = PersonnelRequest.swift; sourceTree = "<group>"; };
		068BEB05288C47D80060889D /* LossModel.swift */ = {isa = PBXFileReference; lastKnownFileType = sourcecode.swift; path = LossModel.swift; sourceTree = "<group>"; };
		068BEB09288C5C950060889D /* LossCell.swift */ = {isa = PBXFileReference; lastKnownFileType = sourcecode.swift; path = LossCell.swift; sourceTree = "<group>"; };
		068BEB0A288C5C950060889D /* LossCell.xib */ = {isa = PBXFileReference; lastKnownFileType = file.xib; path = LossCell.xib; sourceTree = "<group>"; };
		068BEB0D288C617A0060889D /* MilestoneView.xib */ = {isa = PBXFileReference; lastKnownFileType = file.xib; path = MilestoneView.xib; sourceTree = "<group>"; };
		068BEB10288C655A0060889D /* MilestoneView.swift */ = {isa = PBXFileReference; lastKnownFileType = sourcecode.swift; path = MilestoneView.swift; sourceTree = "<group>"; };
/* End PBXFileReference section */

/* Begin PBXFrameworksBuildPhase section */
		068BEA9B288B25FD0060889D /* Frameworks */ = {
			isa = PBXFrameworksBuildPhase;
			buildActionMask = 2147483647;
			files = (
			);
			runOnlyForDeploymentPostprocessing = 0;
		};
/* End PBXFrameworksBuildPhase section */

/* Begin PBXGroup section */
		068BEA95288B25FD0060889D = {
			isa = PBXGroup;
			children = (
				068BEAA0288B25FD0060889D /* Bastards */,
				068BEA9F288B25FD0060889D /* Products */,
			);
			sourceTree = "<group>";
		};
		068BEA9F288B25FD0060889D /* Products */ = {
			isa = PBXGroup;
			children = (
				068BEA9E288B25FD0060889D /* Bastards.app */,
			);
			name = Products;
			sourceTree = "<group>";
		};
		068BEAA0288B25FD0060889D /* Bastards */ = {
			isa = PBXGroup;
			children = (
				068BEAF0288C39180060889D /* Networking */,
				068BEAD4288B4DA40060889D /* Common */,
				068BEAB5288B260C0060889D /* Application */,
				068BEAC5288B29450060889D /* Models */,
				068BEACA288B30CE0060889D /* Navigation */,
				068BEAB6288B26570060889D /* Resources */,
				068BEAB7288B26AB0060889D /* Scenes */,
				068BEAC0288B27930060889D /* Helpers */,
			);
			path = Bastards;
			sourceTree = "<group>";
		};
		068BEAB5288B260C0060889D /* Application */ = {
			isa = PBXGroup;
			children = (
				068BEAAC288B26000060889D /* LaunchScreen.storyboard */,
				068BEAA1288B25FD0060889D /* AppDelegate.swift */,
				068BEAA3288B25FD0060889D /* SceneDelegate.swift */,
			);
			path = Application;
			sourceTree = "<group>";
		};
		068BEAB6288B26570060889D /* Resources */ = {
			isa = PBXGroup;
			children = (
				068BEAC8288B2BC90060889D /* LocalJSONPaths.swift */,
				068BEAC1288B28C20060889D /* russia_losses_equipment.json */,
				068BEAC2288B28C20060889D /* russia_losses_personnel.json */,
				068BEAAA288B26000060889D /* Assets.xcassets */,
				068BEAAF288B26000060889D /* Info.plist */,
			);
			path = Resources;
			sourceTree = "<group>";
		};
		068BEAB7288B26AB0060889D /* Scenes */ = {
			isa = PBXGroup;
			children = (
				068BEADC288C25E70060889D /* Detailed */,
				068BEAB8288B26D10060889D /* Main */,
			);
			path = Scenes;
			sourceTree = "<group>";
		};
		068BEAB8288B26D10060889D /* Main */ = {
			isa = PBXGroup;
			children = (
				068BEAE5288C27630060889D /* Subviews */,
				068BEABE288B27080060889D /* MainViewModel.swift */,
				068BEAB9288B26E80060889D /* MainViewController.swift */,
				068BEABA288B26E80060889D /* MainViewController.xib */,
				068BEACE288B31300060889D /* MainRouter.swift */,
			);
			path = Main;
			sourceTree = "<group>";
		};
		068BEAC0288B27930060889D /* Helpers */ = {
			isa = PBXGroup;
			children = (
				068BEAC6288B298D0060889D /* JSONReader.swift */,
			);
			path = Helpers;
			sourceTree = "<group>";
		};
		068BEAC5288B29450060889D /* Models */ = {
			isa = PBXGroup;
			children = (
				068BEAEB288C2C2A0060889D /* InApp */,
				068BEAD2288B44A80060889D /* Equipment.swift */,
				068BEAD8288C1E1E0060889D /* Personnel.swift */,
				068BEADA288C243F0060889D /* DayLosses.swift */,
			);
			path = Models;
			sourceTree = "<group>";
		};
		068BEACA288B30CE0060889D /* Navigation */ = {
			isa = PBXGroup;
			children = (
				068BEACB288B30DD0060889D /* Router.swift */,
				068BEAD0288B32140060889D /* Navigator.swift */,
			);
			path = Navigation;
			sourceTree = "<group>";
		};
		068BEAD4288B4DA40060889D /* Common */ = {
			isa = PBXGroup;
			children = (
				068BEAD5288B4DAF0060889D /* ViewController.swift */,
			);
			path = Common;
			sourceTree = "<group>";
		};
		068BEADC288C25E70060889D /* Detailed */ = {
			isa = PBXGroup;
			children = (
				068BEB07288C5C7C0060889D /* Subviews */,
				068BEAE1288C260A0060889D /* DetailedViewModel.swift */,
				068BEADD288C25FE0060889D /* DetailedViewController.swift */,
				068BEADE288C25FE0060889D /* DetailedViewController.xib */,
				068BEAE3288C26170060889D /* DetailedRouter.swift */,
			);
			path = Detailed;
			sourceTree = "<group>";
		};
		068BEAE5288C27630060889D /* Subviews */ = {
			isa = PBXGroup;
			children = (
				068BEB0F288C654B0060889D /* Milestone */,
				068BEAE6288C27760060889D /* DayInfoCell */,
			);
			path = Subviews;
			sourceTree = "<group>";
		};
		068BEAE6288C27760060889D /* DayInfoCell */ = {
			isa = PBXGroup;
			children = (
				068BEAE7288C27930060889D /* DayInfoCell.swift */,
				068BEAE8288C27930060889D /* DayInfoCell.xib */,
			);
			path = DayInfoCell;
			sourceTree = "<group>";
		};
		068BEAEB288C2C2A0060889D /* InApp */ = {
			isa = PBXGroup;
			children = (
				068BEAEC288C2C4B0060889D /* DayInfoModel.swift */,
				068BEB05288C47D80060889D /* LossModel.swift */,
			);
			path = InApp;
			sourceTree = "<group>";
		};
		068BEAF0288C39180060889D /* Networking */ = {
			isa = PBXGroup;
			children = (
				068BEAFD288C3DCE0060889D /* APIRequests */,
				068BEAF5288C3AB30060889D /* Request */,
				068BEAF4288C3AA90060889D /* Service */,
				068BEB00288C3E1E0060889D /* APIPath.swift */,
			);
			path = Networking;
			sourceTree = "<group>";
		};
		068BEAF4288C3AA90060889D /* Service */ = {
			isa = PBXGroup;
			children = (
				068BEAF2288C395E0060889D /* NetworkingServiceProtocol.swift */,
				068BEAFB288C3B670060889D /* NetworkingService.swift */,
			);
			path = Service;
			sourceTree = "<group>";
		};
		068BEAF5288C3AB30060889D /* Request */ = {
			isa = PBXGroup;
			children = (
				068BEAF6288C3AD70060889D /* NetworkingRequest.swift */,
				068BEAF8288C3AFD0060889D /* DecodableRequest.swift */,
			);
			path = Request;
			sourceTree = "<group>";
		};
		068BEAFD288C3DCE0060889D /* APIRequests */ = {
			isa = PBXGroup;
			children = (
				068BEAFE288C3DDD0060889D /* EquipmentRequest.swift */,
				068BEB03288C3EA80060889D /* PersonnelRequest.swift */,
			);
			path = APIRequests;
			sourceTree = "<group>";
		};
		068BEB07288C5C7C0060889D /* Subviews */ = {
			isa = PBXGroup;
			children = (
				068BEB08288C5C800060889D /* LossCell */,
			);
			path = Subviews;
			sourceTree = "<group>";
		};
		068BEB08288C5C800060889D /* LossCell */ = {
			isa = PBXGroup;
			children = (
				068BEB09288C5C950060889D /* LossCell.swift */,
				068BEB0A288C5C950060889D /* LossCell.xib */,
			);
			path = LossCell;
			sourceTree = "<group>";
		};
		068BEB0F288C654B0060889D /* Milestone */ = {
			isa = PBXGroup;
			children = (
				068BEB0D288C617A0060889D /* MilestoneView.xib */,
				068BEB10288C655A0060889D /* MilestoneView.swift */,
			);
			path = Milestone;
			sourceTree = "<group>";
		};
/* End PBXGroup section */

/* Begin PBXNativeTarget section */
		068BEA9D288B25FD0060889D /* Bastards */ = {
			isa = PBXNativeTarget;
			buildConfigurationList = 068BEAB2288B26000060889D /* Build configuration list for PBXNativeTarget "Bastards" */;
			buildPhases = (
				068BEA9A288B25FD0060889D /* Sources */,
				068BEA9B288B25FD0060889D /* Frameworks */,
				068BEA9C288B25FD0060889D /* Resources */,
			);
			buildRules = (
			);
			dependencies = (
			);
			name = Bastards;
			productName = Bastards;
			productReference = 068BEA9E288B25FD0060889D /* Bastards.app */;
			productType = "com.apple.product-type.application";
		};
/* End PBXNativeTarget section */

/* Begin PBXProject section */
		068BEA96288B25FD0060889D /* Project object */ = {
			isa = PBXProject;
			attributes = {
				BuildIndependentTargetsInParallel = 1;
				LastSwiftUpdateCheck = 1340;
				LastUpgradeCheck = 1340;
				TargetAttributes = {
					068BEA9D288B25FD0060889D = {
						CreatedOnToolsVersion = 13.4;
					};
				};
			};
			buildConfigurationList = 068BEA99288B25FD0060889D /* Build configuration list for PBXProject "Bastards" */;
			compatibilityVersion = "Xcode 13.0";
			developmentRegion = en;
			hasScannedForEncodings = 0;
			knownRegions = (
				en,
				Base,
			);
			mainGroup = 068BEA95288B25FD0060889D;
			productRefGroup = 068BEA9F288B25FD0060889D /* Products */;
			projectDirPath = "";
			projectRoot = "";
			targets = (
				068BEA9D288B25FD0060889D /* Bastards */,
			);
		};
/* End PBXProject section */

/* Begin PBXResourcesBuildPhase section */
		068BEA9C288B25FD0060889D /* Resources */ = {
			isa = PBXResourcesBuildPhase;
			buildActionMask = 2147483647;
			files = (
				068BEAAE288B26000060889D /* LaunchScreen.storyboard in Resources */,
				068BEB0E288C617A0060889D /* MilestoneView.xib in Resources */,
				068BEABC288B26E80060889D /* MainViewController.xib in Resources */,
				068BEAE0288C25FE0060889D /* DetailedViewController.xib in Resources */,
				068BEAC3288B28C20060889D /* russia_losses_equipment.json in Resources */,
				068BEAC4288B28C20060889D /* russia_losses_personnel.json in Resources */,
				068BEAEA288C27940060889D /* DayInfoCell.xib in Resources */,
				068BEB0C288C5C950060889D /* LossCell.xib in Resources */,
				068BEAAB288B26000060889D /* Assets.xcassets in Resources */,
			);
			runOnlyForDeploymentPostprocessing = 0;
		};
/* End PBXResourcesBuildPhase section */

/* Begin PBXSourcesBuildPhase section */
		068BEA9A288B25FD0060889D /* Sources */ = {
			isa = PBXSourcesBuildPhase;
			buildActionMask = 2147483647;
			files = (
				068BEAE2288C260A0060889D /* DetailedViewModel.swift in Sources */,
				068BEADF288C25FE0060889D /* DetailedViewController.swift in Sources */,
				068BEAE9288C27940060889D /* DayInfoCell.swift in Sources */,
				068BEAF3288C395E0060889D /* NetworkingServiceProtocol.swift in Sources */,
				068BEB06288C47D80060889D /* LossModel.swift in Sources */,
				068BEB11288C655A0060889D /* MilestoneView.swift in Sources */,
				068BEABB288B26E80060889D /* MainViewController.swift in Sources */,
				068BEACF288B31300060889D /* MainRouter.swift in Sources */,
				068BEAD1288B32140060889D /* Navigator.swift in Sources */,
				068BEB01288C3E1E0060889D /* APIPath.swift in Sources */,
				068BEAC7288B298D0060889D /* JSONReader.swift in Sources */,
				068BEAD6288B4DAF0060889D /* ViewController.swift in Sources */,
				068BEADB288C243F0060889D /* DayLosses.swift in Sources */,
				068BEB04288C3EA80060889D /* PersonnelRequest.swift in Sources */,
				068BEAD3288B44A80060889D /* Equipment.swift in Sources */,
				068BEAA2288B25FD0060889D /* AppDelegate.swift in Sources */,
				068BEACC288B30DD0060889D /* Router.swift in Sources */,
				068BEAD9288C1E1E0060889D /* Personnel.swift in Sources */,
				068BEAE4288C26170060889D /* DetailedRouter.swift in Sources */,
				068BEAF7288C3AD70060889D /* NetworkingRequest.swift in Sources */,
				068BEAF9288C3AFD0060889D /* DecodableRequest.swift in Sources */,
				068BEB0B288C5C950060889D /* LossCell.swift in Sources */,
				068BEAA4288B25FD0060889D /* SceneDelegate.swift in Sources */,
				068BEAC9288B2BC90060889D /* LocalJSONPaths.swift in Sources */,
				068BEAFC288C3B670060889D /* NetworkingService.swift in Sources */,
				068BEAED288C2C4B0060889D /* DayInfoModel.swift in Sources */,
				068BEAFF288C3DDD0060889D /* EquipmentRequest.swift in Sources */,
				068BEABF288B27080060889D /* MainViewModel.swift in Sources */,
			);
			runOnlyForDeploymentPostprocessing = 0;
		};
/* End PBXSourcesBuildPhase section */

/* Begin PBXVariantGroup section */
		068BEAAC288B26000060889D /* LaunchScreen.storyboard */ = {
			isa = PBXVariantGroup;
			children = (
				068BEAAD288B26000060889D /* Base */,
			);
			name = LaunchScreen.storyboard;
			sourceTree = "<group>";
		};
/* End PBXVariantGroup section */

/* Begin XCBuildConfiguration section */
		068BEAB0288B26000060889D /* Debug */ = {
			isa = XCBuildConfiguration;
			buildSettings = {
				ALWAYS_SEARCH_USER_PATHS = NO;
				CLANG_ANALYZER_NONNULL = YES;
				CLANG_ANALYZER_NUMBER_OBJECT_CONVERSION = YES_AGGRESSIVE;
				CLANG_CXX_LANGUAGE_STANDARD = "gnu++17";
				CLANG_ENABLE_MODULES = YES;
				CLANG_ENABLE_OBJC_ARC = YES;
				CLANG_ENABLE_OBJC_WEAK = YES;
				CLANG_WARN_BLOCK_CAPTURE_AUTORELEASING = YES;
				CLANG_WARN_BOOL_CONVERSION = YES;
				CLANG_WARN_COMMA = YES;
				CLANG_WARN_CONSTANT_CONVERSION = YES;
				CLANG_WARN_DEPRECATED_OBJC_IMPLEMENTATIONS = YES;
				CLANG_WARN_DIRECT_OBJC_ISA_USAGE = YES_ERROR;
				CLANG_WARN_DOCUMENTATION_COMMENTS = YES;
				CLANG_WARN_EMPTY_BODY = YES;
				CLANG_WARN_ENUM_CONVERSION = YES;
				CLANG_WARN_INFINITE_RECURSION = YES;
				CLANG_WARN_INT_CONVERSION = YES;
				CLANG_WARN_NON_LITERAL_NULL_CONVERSION = YES;
				CLANG_WARN_OBJC_IMPLICIT_RETAIN_SELF = YES;
				CLANG_WARN_OBJC_LITERAL_CONVERSION = YES;
				CLANG_WARN_OBJC_ROOT_CLASS = YES_ERROR;
				CLANG_WARN_QUOTED_INCLUDE_IN_FRAMEWORK_HEADER = YES;
				CLANG_WARN_RANGE_LOOP_ANALYSIS = YES;
				CLANG_WARN_STRICT_PROTOTYPES = YES;
				CLANG_WARN_SUSPICIOUS_MOVE = YES;
				CLANG_WARN_UNGUARDED_AVAILABILITY = YES_AGGRESSIVE;
				CLANG_WARN_UNREACHABLE_CODE = YES;
				CLANG_WARN__DUPLICATE_METHOD_MATCH = YES;
				COPY_PHASE_STRIP = NO;
				DEBUG_INFORMATION_FORMAT = dwarf;
				ENABLE_STRICT_OBJC_MSGSEND = YES;
				ENABLE_TESTABILITY = YES;
				GCC_C_LANGUAGE_STANDARD = gnu11;
				GCC_DYNAMIC_NO_PIC = NO;
				GCC_NO_COMMON_BLOCKS = YES;
				GCC_OPTIMIZATION_LEVEL = 0;
				GCC_PREPROCESSOR_DEFINITIONS = (
					"DEBUG=1",
					"$(inherited)",
				);
				GCC_WARN_64_TO_32_BIT_CONVERSION = YES;
				GCC_WARN_ABOUT_RETURN_TYPE = YES_ERROR;
				GCC_WARN_UNDECLARED_SELECTOR = YES;
				GCC_WARN_UNINITIALIZED_AUTOS = YES_AGGRESSIVE;
				GCC_WARN_UNUSED_FUNCTION = YES;
				GCC_WARN_UNUSED_VARIABLE = YES;
				IPHONEOS_DEPLOYMENT_TARGET = 15.5;
				MTL_ENABLE_DEBUG_INFO = INCLUDE_SOURCE;
				MTL_FAST_MATH = YES;
				ONLY_ACTIVE_ARCH = YES;
				SDKROOT = iphoneos;
				SWIFT_ACTIVE_COMPILATION_CONDITIONS = DEBUG;
				SWIFT_OPTIMIZATION_LEVEL = "-Onone";
			};
			name = Debug;
		};
		068BEAB1288B26000060889D /* Release */ = {
			isa = XCBuildConfiguration;
			buildSettings = {
				ALWAYS_SEARCH_USER_PATHS = NO;
				CLANG_ANALYZER_NONNULL = YES;
				CLANG_ANALYZER_NUMBER_OBJECT_CONVERSION = YES_AGGRESSIVE;
				CLANG_CXX_LANGUAGE_STANDARD = "gnu++17";
				CLANG_ENABLE_MODULES = YES;
				CLANG_ENABLE_OBJC_ARC = YES;
				CLANG_ENABLE_OBJC_WEAK = YES;
				CLANG_WARN_BLOCK_CAPTURE_AUTORELEASING = YES;
				CLANG_WARN_BOOL_CONVERSION = YES;
				CLANG_WARN_COMMA = YES;
				CLANG_WARN_CONSTANT_CONVERSION = YES;
				CLANG_WARN_DEPRECATED_OBJC_IMPLEMENTATIONS = YES;
				CLANG_WARN_DIRECT_OBJC_ISA_USAGE = YES_ERROR;
				CLANG_WARN_DOCUMENTATION_COMMENTS = YES;
				CLANG_WARN_EMPTY_BODY = YES;
				CLANG_WARN_ENUM_CONVERSION = YES;
				CLANG_WARN_INFINITE_RECURSION = YES;
				CLANG_WARN_INT_CONVERSION = YES;
				CLANG_WARN_NON_LITERAL_NULL_CONVERSION = YES;
				CLANG_WARN_OBJC_IMPLICIT_RETAIN_SELF = YES;
				CLANG_WARN_OBJC_LITERAL_CONVERSION = YES;
				CLANG_WARN_OBJC_ROOT_CLASS = YES_ERROR;
				CLANG_WARN_QUOTED_INCLUDE_IN_FRAMEWORK_HEADER = YES;
				CLANG_WARN_RANGE_LOOP_ANALYSIS = YES;
				CLANG_WARN_STRICT_PROTOTYPES = YES;
				CLANG_WARN_SUSPICIOUS_MOVE = YES;
				CLANG_WARN_UNGUARDED_AVAILABILITY = YES_AGGRESSIVE;
				CLANG_WARN_UNREACHABLE_CODE = YES;
				CLANG_WARN__DUPLICATE_METHOD_MATCH = YES;
				COPY_PHASE_STRIP = NO;
				DEBUG_INFORMATION_FORMAT = "dwarf-with-dsym";
				ENABLE_NS_ASSERTIONS = NO;
				ENABLE_STRICT_OBJC_MSGSEND = YES;
				GCC_C_LANGUAGE_STANDARD = gnu11;
				GCC_NO_COMMON_BLOCKS = YES;
				GCC_WARN_64_TO_32_BIT_CONVERSION = YES;
				GCC_WARN_ABOUT_RETURN_TYPE = YES_ERROR;
				GCC_WARN_UNDECLARED_SELECTOR = YES;
				GCC_WARN_UNINITIALIZED_AUTOS = YES_AGGRESSIVE;
				GCC_WARN_UNUSED_FUNCTION = YES;
				GCC_WARN_UNUSED_VARIABLE = YES;
				IPHONEOS_DEPLOYMENT_TARGET = 15.5;
				MTL_ENABLE_DEBUG_INFO = NO;
				MTL_FAST_MATH = YES;
				SDKROOT = iphoneos;
				SWIFT_COMPILATION_MODE = wholemodule;
				SWIFT_OPTIMIZATION_LEVEL = "-O";
				VALIDATE_PRODUCT = YES;
			};
			name = Release;
		};
		068BEAB3288B26000060889D /* Debug */ = {
			isa = XCBuildConfiguration;
			buildSettings = {
				ASSETCATALOG_COMPILER_APPICON_NAME = AppIcon;
				ASSETCATALOG_COMPILER_GLOBAL_ACCENT_COLOR_NAME = AccentColor;
				CODE_SIGN_STYLE = Automatic;
				CURRENT_PROJECT_VERSION = 1;
				DEVELOPMENT_TEAM = 68W5DTBSDK;
				GENERATE_INFOPLIST_FILE = YES;
				INFOPLIST_FILE = Bastards/Resources/Info.plist;
				INFOPLIST_KEY_UIApplicationSupportsIndirectInputEvents = YES;
				INFOPLIST_KEY_UILaunchStoryboardName = LaunchScreen;
				INFOPLIST_KEY_UISupportedInterfaceOrientations_iPad = "UIInterfaceOrientationPortrait UIInterfaceOrientationPortraitUpsideDown UIInterfaceOrientationLandscapeLeft UIInterfaceOrientationLandscapeRight";
				INFOPLIST_KEY_UISupportedInterfaceOrientations_iPhone = "UIInterfaceOrientationPortrait UIInterfaceOrientationLandscapeLeft UIInterfaceOrientationLandscapeRight";
				LD_RUNPATH_SEARCH_PATHS = (
					"$(inherited)",
					"@executable_path/Frameworks",
				);
				MARKETING_VERSION = 1.0;
				PRODUCT_BUNDLE_IDENTIFIER = app.Bastards;
				PRODUCT_NAME = "$(TARGET_NAME)";
				SWIFT_EMIT_LOC_STRINGS = YES;
				SWIFT_VERSION = 5.0;
				TARGETED_DEVICE_FAMILY = "1,2";
			};
			name = Debug;
		};
		068BEAB4288B26000060889D /* Release */ = {
			isa = XCBuildConfiguration;
			buildSettings = {
				ASSETCATALOG_COMPILER_APPICON_NAME = AppIcon;
				ASSETCATALOG_COMPILER_GLOBAL_ACCENT_COLOR_NAME = AccentColor;
				CODE_SIGN_STYLE = Automatic;
				CURRENT_PROJECT_VERSION = 1;
				DEVELOPMENT_TEAM = 68W5DTBSDK;
				GENERATE_INFOPLIST_FILE = YES;
				INFOPLIST_FILE = Bastards/Resources/Info.plist;
				INFOPLIST_KEY_UIApplicationSupportsIndirectInputEvents = YES;
				INFOPLIST_KEY_UILaunchStoryboardName = LaunchScreen;
				INFOPLIST_KEY_UISupportedInterfaceOrientations_iPad = "UIInterfaceOrientationPortrait UIInterfaceOrientationPortraitUpsideDown UIInterfaceOrientationLandscapeLeft UIInterfaceOrientationLandscapeRight";
				INFOPLIST_KEY_UISupportedInterfaceOrientations_iPhone = "UIInterfaceOrientationPortrait UIInterfaceOrientationLandscapeLeft UIInterfaceOrientationLandscapeRight";
				LD_RUNPATH_SEARCH_PATHS = (
					"$(inherited)",
					"@executable_path/Frameworks",
				);
				MARKETING_VERSION = 1.0;
				PRODUCT_BUNDLE_IDENTIFIER = app.Bastards;
				PRODUCT_NAME = "$(TARGET_NAME)";
				SWIFT_EMIT_LOC_STRINGS = YES;
				SWIFT_VERSION = 5.0;
				TARGETED_DEVICE_FAMILY = "1,2";
			};
			name = Release;
		};
/* End XCBuildConfiguration section */

/* Begin XCConfigurationList section */
		068BEA99288B25FD0060889D /* Build configuration list for PBXProject "Bastards" */ = {
			isa = XCConfigurationList;
			buildConfigurations = (
				068BEAB0288B26000060889D /* Debug */,
				068BEAB1288B26000060889D /* Release */,
			);
			defaultConfigurationIsVisible = 0;
			defaultConfigurationName = Release;
		};
		068BEAB2288B26000060889D /* Build configuration list for PBXNativeTarget "Bastards" */ = {
			isa = XCConfigurationList;
			buildConfigurations = (
				068BEAB3288B26000060889D /* Debug */,
				068BEAB4288B26000060889D /* Release */,
			);
			defaultConfigurationIsVisible = 0;
			defaultConfigurationName = Release;
		};
/* End XCConfigurationList section */
	};
	rootObject = 068BEA96288B25FD0060889D /* Project object */;
}
